
Microsoft Visual Studio Solution File, Format Version 12.00
# Visual Studio Version 17
VisualStudioVersion = 17.11.35208.52
MinimumVisualStudioVersion = 10.0.40219.1
Project("{FAE04EC0-301F-11D3-BF4B-00C04F79EFBC}") = "MPCanSleepFix", "MPCanSleepFix.csproj", "{357AB077-ECA4-475E-9157-A027A811FFBB}"
EndProject
Global
	GlobalSection(SolutionConfigurationPlatforms) = preSolution
		Debug|Any CPU = Debug|Any CPU
		Release|Any CPU = Release|Any CPU
	EndGlobalSection
	GlobalSection(ProjectConfigurationPlatforms) = postSolution
		{357AB077-ECA4-475E-9157-A027A811FFBB}.Debug|Any CPU.ActiveCfg = Debug|Any CPU
		{357AB077-ECA4-475E-9157-A027A811FFBB}.Debug|Any CPU.Build.0 = Debug|Any CPU
		{357AB077-ECA4-475E-9157-A027A811FFBB}.Release|Any CPU.ActiveCfg = Release|Any CPU
		{357AB077-ECA4-475E-9157-A027A811FFBB}.Release|Any CPU.Build.0 = Release|Any CPU
	EndGlobalSection
	GlobalSection(SolutionProperties) = preSolution
		HideSolutionNode = FALSE
	EndGlobalSection
	GlobalSection(ExtensibilityGlobals) = postSolution
		SolutionGuid = {6D3C28F6-A84F-46B7-98B0-312CA90F205A}
	EndGlobalSection
EndGlobal
